// !$*UTF8*$!
{
	archiveVersion = 1;
	classes = {
	};
	objectVersion = 55;
	objects = {

/* Begin PBXBuildFile section */
		8D2992D9287EA2340087F16D /* MenuCell.swift in Sources */ = {isa = PBXBuildFile; fileRef = 8D2992D7287EA2340087F16D /* MenuCell.swift */; };
		8D2992DA287EA2340087F16D /* MenuCell.xib in Resources */ = {isa = PBXBuildFile; fileRef = 8D2992D8287EA2340087F16D /* MenuCell.xib */; };
		8D29D8B428856649005DBA93 /* MyIdViewController.swift in Sources */ = {isa = PBXBuildFile; fileRef = 8D29D8B228856649005DBA93 /* MyIdViewController.swift */; };
		8D29D8B528856649005DBA93 /* MyIdViewController.xib in Resources */ = {isa = PBXBuildFile; fileRef = 8D29D8B328856649005DBA93 /* MyIdViewController.xib */; };
		8D9420ED28800DEB00BC2248 /* Menu.swift in Sources */ = {isa = PBXBuildFile; fileRef = 8D9420EC28800DEB00BC2248 /* Menu.swift */; };
		8D957D38287D57D60001D12D /* AppDelegate.swift in Sources */ = {isa = PBXBuildFile; fileRef = 8D957D37287D57D60001D12D /* AppDelegate.swift */; };
		8D957D3A287D57D60001D12D /* SceneDelegate.swift in Sources */ = {isa = PBXBuildFile; fileRef = 8D957D39287D57D60001D12D /* SceneDelegate.swift */; };
		8D957D3C287D57D60001D12D /* MainController.swift in Sources */ = {isa = PBXBuildFile; fileRef = 8D957D3B287D57D60001D12D /* MainController.swift */; };
		8D957D3F287D57D60001D12D /* Main.storyboard in Resources */ = {isa = PBXBuildFile; fileRef = 8D957D3D287D57D60001D12D /* Main.storyboard */; };
		8D957D41287D57DE0001D12D /* Assets.xcassets in Resources */ = {isa = PBXBuildFile; fileRef = 8D957D40287D57DE0001D12D /* Assets.xcassets */; };
		8D957D44287D57DE0001D12D /* LaunchScreen.storyboard in Resources */ = {isa = PBXBuildFile; fileRef = 8D957D42287D57DE0001D12D /* LaunchScreen.storyboard */; };
		8D957D4D287D58E20001D12D /* TableViewPracticeViewController.swift in Sources */ = {isa = PBXBuildFile; fileRef = 8D957D4C287D58E10001D12D /* TableViewPracticeViewController.swift */; };
		8D957D50287D593D0001D12D /* TableViewPractice.storyboard in Resources */ = {isa = PBXBuildFile; fileRef = 8D957D4F287D593D0001D12D /* TableViewPractice.storyboard */; };
		8D957D53287D634E0001D12D /* SettingViewController.swift in Sources */ = {isa = PBXBuildFile; fileRef = 8D957D52287D634E0001D12D /* SettingViewController.swift */; };
		8D957D55287D636F0001D12D /* SettingApp.storyboard in Resources */ = {isa = PBXBuildFile; fileRef = 8D957D54287D636F0001D12D /* SettingApp.storyboard */; };
		8D957D58287D6E240001D12D /* ProfileCell.swift in Sources */ = {isa = PBXBuildFile; fileRef = 8D957D56287D6E240001D12D /* ProfileCell.swift */; };
		8D957D59287D6E240001D12D /* ProfileCell.xib in Resources */ = {isa = PBXBuildFile; fileRef = 8D957D57287D6E240001D12D /* ProfileCell.xib */; };
		8DA0C3E5288164BE001805A6 /* DetailViewController.swift in Sources */ = {isa = PBXBuildFile; fileRef = 8DA0C3E4288164BE001805A6 /* DetailViewController.swift */; };
		8DA0C3E7288164C9001805A6 /* DetailViewController.storyboard in Resources */ = {isa = PBXBuildFile; fileRef = 8DA0C3E6288164C9001805A6 /* DetailViewController.storyboard */; };
/* End PBXBuildFile section */

/* Begin PBXFileReference section */
		8D2992D7287EA2340087F16D /* MenuCell.swift */ = {isa = PBXFileReference; lastKnownFileType = sourcecode.swift; path = MenuCell.swift; sourceTree = "<group>"; };
		8D2992D8287EA2340087F16D /* MenuCell.xib */ = {isa = PBXFileReference; lastKnownFileType = file.xib; path = MenuCell.xib; sourceTree = "<group>"; };
		8D29D8B228856649005DBA93 /* MyIdViewController.swift */ = {isa = PBXFileReference; lastKnownFileType = sourcecode.swift; path = MyIdViewController.swift; sourceTree = "<group>"; };
		8D29D8B328856649005DBA93 /* MyIdViewController.xib */ = {isa = PBXFileReference; lastKnownFileType = file.xib; path = MyIdViewController.xib; sourceTree = "<group>"; };
		8D9420EC28800DEB00BC2248 /* Menu.swift */ = {isa = PBXFileReference; lastKnownFileType = sourcecode.swift; path = Menu.swift; sourceTree = "<group>"; };
		8D957D34287D57D60001D12D /* 04#TableView.app */ = {isa = PBXFileReference; explicitFileType = wrapper.application; includeInIndex = 0; path = "04#TableView.app"; sourceTree = BUILT_PRODUCTS_DIR; };
		8D957D37287D57D60001D12D /* AppDelegate.swift */ = {isa = PBXFileReference; lastKnownFileType = sourcecode.swift; path = AppDelegate.swift; sourceTree = "<group>"; };
		8D957D39287D57D60001D12D /* SceneDelegate.swift */ = {isa = PBXFileReference; lastKnownFileType = sourcecode.swift; path = SceneDelegate.swift; sourceTree = "<group>"; };
		8D957D3B287D57D60001D12D /* MainController.swift */ = {isa = PBXFileReference; lastKnownFileType = sourcecode.swift; path = MainController.swift; sourceTree = "<group>"; };
		8D957D3E287D57D60001D12D /* Base */ = {isa = PBXFileReference; lastKnownFileType = file.storyboard; name = Base; path = Base.lproj/Main.storyboard; sourceTree = "<group>"; };
		8D957D40287D57DE0001D12D /* Assets.xcassets */ = {isa = PBXFileReference; lastKnownFileType = folder.assetcatalog; path = Assets.xcassets; sourceTree = "<group>"; };
		8D957D43287D57DE0001D12D /* Base */ = {isa = PBXFileReference; lastKnownFileType = file.storyboard; name = Base; path = Base.lproj/LaunchScreen.storyboard; sourceTree = "<group>"; };
		8D957D45287D57DE0001D12D /* Info.plist */ = {isa = PBXFileReference; lastKnownFileType = text.plist.xml; path = Info.plist; sourceTree = "<group>"; };
		8D957D4C287D58E10001D12D /* TableViewPracticeViewController.swift */ = {isa = PBXFileReference; lastKnownFileType = sourcecode.swift; path = TableViewPracticeViewController.swift; sourceTree = "<group>"; };
		8D957D4F287D593D0001D12D /* TableViewPractice.storyboard */ = {isa = PBXFileReference; lastKnownFileType = file.storyboard; path = TableViewPractice.storyboard; sourceTree = "<group>"; };
		8D957D52287D634E0001D12D /* SettingViewController.swift */ = {isa = PBXFileReference; lastKnownFileType = sourcecode.swift; path = SettingViewController.swift; sourceTree = "<group>"; };
		8D957D54287D636F0001D12D /* SettingApp.storyboard */ = {isa = PBXFileReference; lastKnownFileType = file.storyboard; path = SettingApp.storyboard; sourceTree = "<group>"; };
		8D957D56287D6E240001D12D /* ProfileCell.swift */ = {isa = PBXFileReference; lastKnownFileType = sourcecode.swift; path = ProfileCell.swift; sourceTree = "<group>"; };
		8D957D57287D6E240001D12D /* ProfileCell.xib */ = {isa = PBXFileReference; lastKnownFileType = file.xib; path = ProfileCell.xib; sourceTree = "<group>"; };
		8DA0C3E4288164BE001805A6 /* DetailViewController.swift */ = {isa = PBXFileReference; lastKnownFileType = sourcecode.swift; path = DetailViewController.swift; sourceTree = "<group>"; };
		8DA0C3E6288164C9001805A6 /* DetailViewController.storyboard */ = {isa = PBXFileReference; lastKnownFileType = file.storyboard; path = DetailViewController.storyboard; sourceTree = "<group>"; };
/* End PBXFileReference section */

/* Begin PBXFrameworksBuildPhase section */
		8D957D31287D57D60001D12D /* Frameworks */ = {
			isa = PBXFrameworksBuildPhase;
			buildActionMask = 2147483647;
			files = (
			);
			runOnlyForDeploymentPostprocessing = 0;
		};
/* End PBXFrameworksBuildPhase section */

/* Begin PBXGroup section */
		8D2992DB287EA6C20087F16D /* Models */ = {
			isa = PBXGroup;
			children = (
				8D9420EC28800DEB00BC2248 /* Menu.swift */,
			);
			path = Models;
			sourceTree = "<group>";
		};
		8D957D2B287D57D60001D12D = {
			isa = PBXGroup;
			children = (
				8D957D36287D57D60001D12D /* 04#TableView */,
				8D957D35287D57D60001D12D /* Products */,
			);
			sourceTree = "<group>";
		};
		8D957D35287D57D60001D12D /* Products */ = {
			isa = PBXGroup;
			children = (
				8D957D34287D57D60001D12D /* 04#TableView.app */,
			);
			name = Products;
			sourceTree = "<group>";
		};
		8D957D36287D57D60001D12D /* 04#TableView */ = {
			isa = PBXGroup;
			children = (
				8D2992DB287EA6C20087F16D /* Models */,
				8D957D5A287D6E2A0001D12D /* NiB */,
				8D957D51287D59510001D12D /* View */,
				8D957D4E287D59250001D12D /* Storyboard */,
				8D957D4B287D58A40001D12D /* Controller */,
				8D957D37287D57D60001D12D /* AppDelegate.swift */,
				8D957D39287D57D60001D12D /* SceneDelegate.swift */,
				8D957D3B287D57D60001D12D /* MainController.swift */,
				8D957D3D287D57D60001D12D /* Main.storyboard */,
				8D957D40287D57DE0001D12D /* Assets.xcassets */,
				8D957D42287D57DE0001D12D /* LaunchScreen.storyboard */,
				8D957D45287D57DE0001D12D /* Info.plist */,
			);
			path = "04#TableView";
			sourceTree = "<group>";
		};
		8D957D4B287D58A40001D12D /* Controller */ = {
			isa = PBXGroup;
			children = (
				8D957D4C287D58E10001D12D /* TableViewPracticeViewController.swift */,
				8D957D52287D634E0001D12D /* SettingViewController.swift */,
				8DA0C3E4288164BE001805A6 /* DetailViewController.swift */,
				8D29D8B228856649005DBA93 /* MyIdViewController.swift */,
			);
			path = Controller;
			sourceTree = "<group>";
		};
		8D957D4E287D59250001D12D /* Storyboard */ = {
			isa = PBXGroup;
			children = (
				8D957D4F287D593D0001D12D /* TableViewPractice.storyboard */,
				8D957D54287D636F0001D12D /* SettingApp.storyboard */,
				8DA0C3E6288164C9001805A6 /* DetailViewController.storyboard */,
			);
			path = Storyboard;
			sourceTree = "<group>";
		};
		8D957D51287D59510001D12D /* View */ = {
			isa = PBXGroup;
			children = (
				8D957D56287D6E240001D12D /* ProfileCell.swift */,
				8D2992D7287EA2340087F16D /* MenuCell.swift */,
			);
			path = View;
			sourceTree = "<group>";
		};
		8D957D5A287D6E2A0001D12D /* NiB */ = {
			isa = PBXGroup;
			children = (
				8D957D57287D6E240001D12D /* ProfileCell.xib */,
				8D2992D8287EA2340087F16D /* MenuCell.xib */,
				8D29D8B328856649005DBA93 /* MyIdViewController.xib */,
			);
			path = NiB;
			sourceTree = "<group>";
		};
/* End PBXGroup section */

/* Begin PBXNativeTarget section */
		8D957D33287D57D60001D12D /* 04#TableView */ = {
			isa = PBXNativeTarget;
			buildConfigurationList = 8D957D48287D57DE0001D12D /* Build configuration list for PBXNativeTarget "04#TableView" */;
			buildPhases = (
				8D957D30287D57D60001D12D /* Sources */,
				8D957D31287D57D60001D12D /* Frameworks */,
				8D957D32287D57D60001D12D /* Resources */,
			);
			buildRules = (
			);
			dependencies = (
			);
			name = "04#TableView";
			productName = "04#TableView";
			productReference = 8D957D34287D57D60001D12D /* 04#TableView.app */;
			productType = "com.apple.product-type.application";
		};
/* End PBXNativeTarget section */

/* Begin PBXProject section */
		8D957D2C287D57D60001D12D /* Project object */ = {
			isa = PBXProject;
			attributes = {
				BuildIndependentTargetsInParallel = 1;
				LastSwiftUpdateCheck = 1340;
				LastUpgradeCheck = 1340;
				TargetAttributes = {
					8D957D33287D57D60001D12D = {
						CreatedOnToolsVersion = 13.4.1;
					};
				};
			};
			buildConfigurationList = 8D957D2F287D57D60001D12D /* Build configuration list for PBXProject "04#TableView" */;
			compatibilityVersion = "Xcode 13.0";
			developmentRegion = en;
			hasScannedForEncodings = 0;
			knownRegions = (
				en,
				Base,
			);
			mainGroup = 8D957D2B287D57D60001D12D;
			productRefGroup = 8D957D35287D57D60001D12D /* Products */;
			projectDirPath = "";
			projectRoot = "";
			targets = (
				8D957D33287D57D60001D12D /* 04#TableView */,
			);
		};
/* End PBXProject section */

/* Begin PBXResourcesBuildPhase section */
		8D957D32287D57D60001D12D /* Resources */ = {
			isa = PBXResourcesBuildPhase;
			buildActionMask = 2147483647;
			files = (
				8DA0C3E7288164C9001805A6 /* DetailViewController.storyboard in Resources */,
				8D957D44287D57DE0001D12D /* LaunchScreen.storyboard in Resources */,
				8D957D50287D593D0001D12D /* TableViewPractice.storyboard in Resources */,
				8D2992DA287EA2340087F16D /* MenuCell.xib in Resources */,
				8D957D55287D636F0001D12D /* SettingApp.storyboard in Resources */,
				8D957D59287D6E240001D12D /* ProfileCell.xib in Resources */,
				8D957D41287D57DE0001D12D /* Assets.xcassets in Resources */,
				8D29D8B528856649005DBA93 /* MyIdViewController.xib in Resources */,
				8D957D3F287D57D60001D12D /* Main.storyboard in Resources */,
			);
			runOnlyForDeploymentPostprocessing = 0;
		};
/* End PBXResourcesBuildPhase section */

/* Begin PBXSourcesBuildPhase section */
		8D957D30287D57D60001D12D /* Sources */ = {
			isa = PBXSourcesBuildPhase;
			buildActionMask = 2147483647;
			files = (
				8DA0C3E5288164BE001805A6 /* DetailViewController.swift in Sources */,
				8D2992D9287EA2340087F16D /* MenuCell.swift in Sources */,
				8D957D53287D634E0001D12D /* SettingViewController.swift in Sources */,
				8D9420ED28800DEB00BC2248 /* Menu.swift in Sources */,
				8D957D3C287D57D60001D12D /* MainController.swift in Sources */,
				8D29D8B428856649005DBA93 /* MyIdViewController.swift in Sources */,
				8D957D38287D57D60001D12D /* AppDelegate.swift in Sources */,
				8D957D58287D6E240001D12D /* ProfileCell.swift in Sources */,
				8D957D4D287D58E20001D12D /* TableViewPracticeViewController.swift in Sources */,
				8D957D3A287D57D60001D12D /* SceneDelegate.swift in Sources */,
			);
			runOnlyForDeploymentPostprocessing = 0;
		};
/* End PBXSourcesBuildPhase section */

/* Begin PBXVariantGroup section */
		8D957D3D287D57D60001D12D /* Main.storyboard */ = {
			isa = PBXVariantGroup;
			children = (
				8D957D3E287D57D60001D12D /* Base */,
			);
			name = Main.storyboard;
			sourceTree = "<group>";
		};
		8D957D42287D57DE0001D12D /* LaunchScreen.storyboard */ = {
			isa = PBXVariantGroup;
			children = (
				8D957D43287D57DE0001D12D /* Base */,
			);
			name = LaunchScreen.storyboard;
			sourceTree = "<group>";
		};
/* End PBXVariantGroup section */

/* Begin XCBuildConfiguration section */
		8D957D46287D57DE0001D12D /* Debug */ = {
			isa = XCBuildConfiguration;
			buildSettings = {
				ALWAYS_SEARCH_USER_PATHS = NO;
				CLANG_ANALYZER_NONNULL = YES;
				CLANG_ANALYZER_NUMBER_OBJECT_CONVERSION = YES_AGGRESSIVE;
				CLANG_CXX_LANGUAGE_STANDARD = "gnu++17";
				CLANG_ENABLE_MODULES = YES;
				CLANG_ENABLE_OBJC_ARC = YES;
				CLANG_ENABLE_OBJC_WEAK = YES;
				CLANG_WARN_BLOCK_CAPTURE_AUTORELEASING = YES;
				CLANG_WARN_BOOL_CONVERSION = YES;
				CLANG_WARN_COMMA = YES;
				CLANG_WARN_CONSTANT_CONVERSION = YES;
				CLANG_WARN_DEPRECATED_OBJC_IMPLEMENTATIONS = YES;
				CLANG_WARN_DIRECT_OBJC_ISA_USAGE = YES_ERROR;
				CLANG_WARN_DOCUMENTATION_COMMENTS = YES;
				CLANG_WARN_EMPTY_BODY = YES;
				CLANG_WARN_ENUM_CONVERSION = YES;
				CLANG_WARN_INFINITE_RECURSION = YES;
				CLANG_WARN_INT_CONVERSION = YES;
				CLANG_WARN_NON_LITERAL_NULL_CONVERSION = YES;
				CLANG_WARN_OBJC_IMPLICIT_RETAIN_SELF = YES;
				CLANG_WARN_OBJC_LITERAL_CONVERSION = YES;
				CLANG_WARN_OBJC_ROOT_CLASS = YES_ERROR;
				CLANG_WARN_QUOTED_INCLUDE_IN_FRAMEWORK_HEADER = YES;
				CLANG_WARN_RANGE_LOOP_ANALYSIS = YES;
				CLANG_WARN_STRICT_PROTOTYPES = YES;
				CLANG_WARN_SUSPICIOUS_MOVE = YES;
				CLANG_WARN_UNGUARDED_AVAILABILITY = YES_AGGRESSIVE;
				CLANG_WARN_UNREACHABLE_CODE = YES;
				CLANG_WARN__DUPLICATE_METHOD_MATCH = YES;
				COPY_PHASE_STRIP = NO;
				DEBUG_INFORMATION_FORMAT = dwarf;
				ENABLE_STRICT_OBJC_MSGSEND = YES;
				ENABLE_TESTABILITY = YES;
				GCC_C_LANGUAGE_STANDARD = gnu11;
				GCC_DYNAMIC_NO_PIC = NO;
				GCC_NO_COMMON_BLOCKS = YES;
				GCC_OPTIMIZATION_LEVEL = 0;
				GCC_PREPROCESSOR_DEFINITIONS = (
					"DEBUG=1",
					"$(inherited)",
				);
				GCC_WARN_64_TO_32_BIT_CONVERSION = YES;
				GCC_WARN_ABOUT_RETURN_TYPE = YES_ERROR;
				GCC_WARN_UNDECLARED_SELECTOR = YES;
				GCC_WARN_UNINITIALIZED_AUTOS = YES_AGGRESSIVE;
				GCC_WARN_UNUSED_FUNCTION = YES;
				GCC_WARN_UNUSED_VARIABLE = YES;
				IPHONEOS_DEPLOYMENT_TARGET = 15.5;
				MTL_ENABLE_DEBUG_INFO = INCLUDE_SOURCE;
				MTL_FAST_MATH = YES;
				ONLY_ACTIVE_ARCH = YES;
				SDKROOT = iphoneos;
				SWIFT_ACTIVE_COMPILATION_CONDITIONS = DEBUG;
				SWIFT_OPTIMIZATION_LEVEL = "-Onone";
			};
			name = Debug;
		};
		8D957D47287D57DE0001D12D /* Release */ = {
			isa = XCBuildConfiguration;
			buildSettings = {
				ALWAYS_SEARCH_USER_PATHS = NO;
				CLANG_ANALYZER_NONNULL = YES;
				CLANG_ANALYZER_NUMBER_OBJECT_CONVERSION = YES_AGGRESSIVE;
				CLANG_CXX_LANGUAGE_STANDARD = "gnu++17";
				CLANG_ENABLE_MODULES = YES;
				CLANG_ENABLE_OBJC_ARC = YES;
				CLANG_ENABLE_OBJC_WEAK = YES;
				CLANG_WARN_BLOCK_CAPTURE_AUTORELEASING = YES;
				CLANG_WARN_BOOL_CONVERSION = YES;
				CLANG_WARN_COMMA = YES;
				CLANG_WARN_CONSTANT_CONVERSION = YES;
				CLANG_WARN_DEPRECATED_OBJC_IMPLEMENTATIONS = YES;
				CLANG_WARN_DIRECT_OBJC_ISA_USAGE = YES_ERROR;
				CLANG_WARN_DOCUMENTATION_COMMENTS = YES;
				CLANG_WARN_EMPTY_BODY = YES;
				CLANG_WARN_ENUM_CONVERSION = YES;
				CLANG_WARN_INFINITE_RECURSION = YES;
				CLANG_WARN_INT_CONVERSION = YES;
				CLANG_WARN_NON_LITERAL_NULL_CONVERSION = YES;
				CLANG_WARN_OBJC_IMPLICIT_RETAIN_SELF = YES;
				CLANG_WARN_OBJC_LITERAL_CONVERSION = YES;
				CLANG_WARN_OBJC_ROOT_CLASS = YES_ERROR;
				CLANG_WARN_QUOTED_INCLUDE_IN_FRAMEWORK_HEADER = YES;
				CLANG_WARN_RANGE_LOOP_ANALYSIS = YES;
				CLANG_WARN_STRICT_PROTOTYPES = YES;
				CLANG_WARN_SUSPICIOUS_MOVE = YES;
				CLANG_WARN_UNGUARDED_AVAILABILITY = YES_AGGRESSIVE;
				CLANG_WARN_UNREACHABLE_CODE = YES;
				CLANG_WARN__DUPLICATE_METHOD_MATCH = YES;
				COPY_PHASE_STRIP = NO;
				DEBUG_INFORMATION_FORMAT = "dwarf-with-dsym";
				ENABLE_NS_ASSERTIONS = NO;
				ENABLE_STRICT_OBJC_MSGSEND = YES;
				GCC_C_LANGUAGE_STANDARD = gnu11;
				GCC_NO_COMMON_BLOCKS = YES;
				GCC_WARN_64_TO_32_BIT_CONVERSION = YES;
				GCC_WARN_ABOUT_RETURN_TYPE = YES_ERROR;
				GCC_WARN_UNDECLARED_SELECTOR = YES;
				GCC_WARN_UNINITIALIZED_AUTOS = YES_AGGRESSIVE;
				GCC_WARN_UNUSED_FUNCTION = YES;
				GCC_WARN_UNUSED_VARIABLE = YES;
				IPHONEOS_DEPLOYMENT_TARGET = 15.5;
				MTL_ENABLE_DEBUG_INFO = NO;
				MTL_FAST_MATH = YES;
				SDKROOT = iphoneos;
				SWIFT_COMPILATION_MODE = wholemodule;
				SWIFT_OPTIMIZATION_LEVEL = "-O";
				VALIDATE_PRODUCT = YES;
			};
			name = Release;
		};
		8D957D49287D57DE0001D12D /* Debug */ = {
			isa = XCBuildConfiguration;
			buildSettings = {
				ASSETCATALOG_COMPILER_APPICON_NAME = AppIcon;
				ASSETCATALOG_COMPILER_GLOBAL_ACCENT_COLOR_NAME = AccentColor;
				CODE_SIGN_STYLE = Automatic;
				CURRENT_PROJECT_VERSION = 1;
				GENERATE_INFOPLIST_FILE = YES;
				INFOPLIST_FILE = "04#TableView/Info.plist";
				INFOPLIST_KEY_UIApplicationSupportsIndirectInputEvents = YES;
				INFOPLIST_KEY_UILaunchStoryboardName = LaunchScreen;
				INFOPLIST_KEY_UIMainStoryboardFile = Main;
				INFOPLIST_KEY_UISupportedInterfaceOrientations_iPad = "UIInterfaceOrientationPortrait UIInterfaceOrientationPortraitUpsideDown UIInterfaceOrientationLandscapeLeft UIInterfaceOrientationLandscapeRight";
				INFOPLIST_KEY_UISupportedInterfaceOrientations_iPhone = "UIInterfaceOrientationPortrait UIInterfaceOrientationLandscapeLeft UIInterfaceOrientationLandscapeRight";
				IPHONEOS_DEPLOYMENT_TARGET = 13.5;
				LD_RUNPATH_SEARCH_PATHS = (
					"$(inherited)",
					"@executable_path/Frameworks",
				);
				MARKETING_VERSION = 1.0;
				PRODUCT_BUNDLE_IDENTIFIER = "com.formegusto.-4-TableView";
				PRODUCT_NAME = "$(TARGET_NAME)";
				SWIFT_EMIT_LOC_STRINGS = YES;
				SWIFT_VERSION = 5.0;
				TARGETED_DEVICE_FAMILY = "1,2";
			};
			name = Debug;
		};
		8D957D4A287D57DE0001D12D /* Release */ = {
			isa = XCBuildConfiguration;
			buildSettings = {
				ASSETCATALOG_COMPILER_APPICON_NAME = AppIcon;
				ASSETCATALOG_COMPILER_GLOBAL_ACCENT_COLOR_NAME = AccentColor;
				CODE_SIGN_STYLE = Automatic;
				CURRENT_PROJECT_VERSION = 1;
				GENERATE_INFOPLIST_FILE = YES;
				INFOPLIST_FILE = "04#TableView/Info.plist";
				INFOPLIST_KEY_UIApplicationSupportsIndirectInputEvents = YES;
				INFOPLIST_KEY_UILaunchStoryboardName = LaunchScreen;
				INFOPLIST_KEY_UIMainStoryboardFile = Main;
				INFOPLIST_KEY_UISupportedInterfaceOrientations_iPad = "UIInterfaceOrientationPortrait UIInterfaceOrientationPortraitUpsideDown UIInterfaceOrientationLandscapeLeft UIInterfaceOrientationLandscapeRight";
				INFOPLIST_KEY_UISupportedInterfaceOrientations_iPhone = "UIInterfaceOrientationPortrait UIInterfaceOrientationLandscapeLeft UIInterfaceOrientationLandscapeRight";
				IPHONEOS_DEPLOYMENT_TARGET = 13.5;
				LD_RUNPATH_SEARCH_PATHS = (
					"$(inherited)",
					"@executable_path/Frameworks",
				);
				MARKETING_VERSION = 1.0;
				PRODUCT_BUNDLE_IDENTIFIER = "com.formegusto.-4-TableView";
				PRODUCT_NAME = "$(TARGET_NAME)";
				SWIFT_EMIT_LOC_STRINGS = YES;
				SWIFT_VERSION = 5.0;
				TARGETED_DEVICE_FAMILY = "1,2";
			};
			name = Release;
		};
/* End XCBuildConfiguration section */

/* Begin XCConfigurationList section */
		8D957D2F287D57D60001D12D /* Build configuration list for PBXProject "04#TableView" */ = {
			isa = XCConfigurationList;
			buildConfigurations = (
				8D957D46287D57DE0001D12D /* Debug */,
				8D957D47287D57DE0001D12D /* Release */,
			);
			defaultConfigurationIsVisible = 0;
			defaultConfigurationName = Release;
		};
		8D957D48287D57DE0001D12D /* Build configuration list for PBXNativeTarget "04#TableView" */ = {
			isa = XCConfigurationList;
			buildConfigurations = (
				8D957D49287D57DE0001D12D /* Debug */,
				8D957D4A287D57DE0001D12D /* Release */,
			);
			defaultConfigurationIsVisible = 0;
			defaultConfigurationName = Release;
		};
/* End XCConfigurationList section */
	};
	rootObject = 8D957D2C287D57D60001D12D /* Project object */;
}
